github.com/oasisprotocol/curve25519-voi v0.0.0-20230110094441-db37f07504ce h1:/pEpMk55wH0X+E5zedGEMOdLuWmV8P4+4W3+LZaM6kg=
github.com/oasisprotocol/curve25519-voi v0.0.0-20230110094441-db37f07504ce/go.mod h1:hVoHR2EVESiICEMbg137etN/Lx+lSrHPTD39Z/uE+2s=
golang.org/x/sys v0.8.0 h1:EBmGv8NaZBZTWvrbjNoL6HVt+IVy3QDQpJs7VRIw3tU=
golang.org/x/sys v0.8.0/go.mod h1:oPkhp1MJrh7nUepCBck5+mAzfO9JrbApNNgaTdGDITg=
